
Microsoft Visual Studio Solution File, Format Version 12.00
# Visual Studio Version 17
VisualStudioVersion = 17.13.35828.75 d17.13
MinimumVisualStudioVersion = 10.0.40219.1
Project("{FAE04EC0-301F-11D3-BF4B-00C04F79EFBC}") = "UserInsightSurvey", "UserInsightSurvey\UserInsightSurvey.csproj", "{5E36D1B8-FAFB-46AE-BB1D-0E5E6C421374}"
EndProject
Global
	GlobalSection(SolutionConfigurationPlatforms) = preSolution
		Debug|Any CPU = Debug|Any CPU
		Release|Any CPU = Release|Any CPU
	EndGlobalSection
	GlobalSection(ProjectConfigurationPlatforms) = postSolution
		{5E36D1B8-FAFB-46AE-BB1D-0E5E6C421374}.Debug|Any CPU.ActiveCfg = Debug|Any CPU
		{5E36D1B8-FAFB-46AE-BB1D-0E5E6C421374}.Debug|Any CPU.Build.0 = Debug|Any CPU
		{5E36D1B8-FAFB-46AE-BB1D-0E5E6C421374}.Release|Any CPU.ActiveCfg = Release|Any CPU
		{5E36D1B8-FAFB-46AE-BB1D-0E5E6C421374}.Release|Any CPU.Build.0 = Release|Any CPU
	EndGlobalSection
	GlobalSection(SolutionProperties) = preSolution
		HideSolutionNode = FALSE
	EndGlobalSection
	GlobalSection(ExtensibilityGlobals) = postSolution
		SolutionGuid = {E84291F9-8AEA-4BE5-AE50-3320C84C1626}
	EndGlobalSection
EndGlobal
